
Microsoft Visual Studio Solution File, Format Version 12.00
# Visual Studio 14
VisualStudioVersion = 14.0.25123.0
MinimumVisualStudioVersion = 10.0.40219.1
Project("{2150E333-8FDC-42A3-9474-1A3956D46DE8}") = "src", "src", "{226AF541-D716-44F6-8F54-CD15EA8192FE}"
EndProject
Project("{2150E333-8FDC-42A3-9474-1A3956D46DE8}") = "tests", "tests", "{F2BB81BD-2445-44C8-9CA2-BFB15692FB05}"
EndProject
Project("{2150E333-8FDC-42A3-9474-1A3956D46DE8}") = "samples", "samples", "{37F5D47A-4799-4149-8B7D-78831B5BE4E5}"
EndProject
Project("{2150E333-8FDC-42A3-9474-1A3956D46DE8}") = "docs", "docs", "{E05DD432-0AFC-4DEE-8F66-E92103FC7074}"
	ProjectSection(SolutionItems) = preProject
		LICENSE = LICENSE
	EndProjectSection
EndProject
Project("{FAE04EC0-301F-11D3-BF4B-00C04F79EFBC}") = "QuantumTunnel.Server.SignalR", "QuantumTunnel.Server.SignalR\QuantumTunnel.Server.SignalR.csproj", "{CBCE306C-1D7E-4C6D-B32B-6E8DB3C4046F}"
EndProject
Project("{FAE04EC0-301F-11D3-BF4B-00C04F79EFBC}") = "QuantumTunnel.Client.JS", "QuantumTunnel.Client.JS\QuantumTunnel.Client.JS.csproj", "{BD0BEAA2-27C3-4D36-A3B3-2EAE65A5F469}"
EndProject
Project("{9092AA53-FB77-4645-B42D-1CCCA6BD08BD}") = "QuantumTunnel.Server.NodeJS", "QuantumTunnel.Server.NodeJS\QuantumTunnel.Server.NodeJS.njsproj", "{991BF19D-5EDF-4C8B-A128-D02A855459BA}"
EndProject
Project("{E24C65DC-7377-472B-9ABA-BC803B73C61A}") = "QuantumTunnel.SampleProject", "QuantumTunnel.SampleProject\", "{AC6870AF-E480-42A4-B2C4-8F605D66F814}"
	ProjectSection(WebsiteProperties) = preProject
		TargetFrameworkMoniker = ".NETFramework,Version%3Dv4.5.2"
		Debug.AspNetCompiler.VirtualPath = "/localhost_64180"
		Debug.AspNetCompiler.PhysicalPath = "QuantumTunnel.SampleProject\"
		Debug.AspNetCompiler.TargetPath = "PrecompiledWeb\localhost_64180\"
		Debug.AspNetCompiler.Updateable = "true"
		Debug.AspNetCompiler.ForceOverwrite = "true"
		Debug.AspNetCompiler.FixedNames = "false"
		Debug.AspNetCompiler.Debug = "True"
		Release.AspNetCompiler.VirtualPath = "/localhost_64180"
		Release.AspNetCompiler.PhysicalPath = "QuantumTunnel.SampleProject\"
		Release.AspNetCompiler.TargetPath = "PrecompiledWeb\localhost_64180\"
		Release.AspNetCompiler.Updateable = "true"
		Release.AspNetCompiler.ForceOverwrite = "true"
		Release.AspNetCompiler.FixedNames = "false"
		Release.AspNetCompiler.Debug = "False"
		VWDPort = "64180"
		SlnRelativePath = "QuantumTunnel.SampleProject\"
		DefaultWebSiteLanguage = "Visual C#"
	EndProjectSection
EndProject
Global
	GlobalSection(SolutionConfigurationPlatforms) = preSolution
		Debug|Any CPU = Debug|Any CPU
		Release|Any CPU = Release|Any CPU
	EndGlobalSection
	GlobalSection(ProjectConfigurationPlatforms) = postSolution
		{CBCE306C-1D7E-4C6D-B32B-6E8DB3C4046F}.Debug|Any CPU.ActiveCfg = Debug|Any CPU
		{CBCE306C-1D7E-4C6D-B32B-6E8DB3C4046F}.Debug|Any CPU.Build.0 = Debug|Any CPU
		{CBCE306C-1D7E-4C6D-B32B-6E8DB3C4046F}.Release|Any CPU.ActiveCfg = Release|Any CPU
		{CBCE306C-1D7E-4C6D-B32B-6E8DB3C4046F}.Release|Any CPU.Build.0 = Release|Any CPU
		{BD0BEAA2-27C3-4D36-A3B3-2EAE65A5F469}.Debug|Any CPU.ActiveCfg = Debug|Any CPU
		{BD0BEAA2-27C3-4D36-A3B3-2EAE65A5F469}.Debug|Any CPU.Build.0 = Debug|Any CPU
		{BD0BEAA2-27C3-4D36-A3B3-2EAE65A5F469}.Release|Any CPU.ActiveCfg = Release|Any CPU
		{BD0BEAA2-27C3-4D36-A3B3-2EAE65A5F469}.Release|Any CPU.Build.0 = Release|Any CPU
		{991BF19D-5EDF-4C8B-A128-D02A855459BA}.Debug|Any CPU.ActiveCfg = Debug|Any CPU
		{991BF19D-5EDF-4C8B-A128-D02A855459BA}.Debug|Any CPU.Build.0 = Debug|Any CPU
		{991BF19D-5EDF-4C8B-A128-D02A855459BA}.Release|Any CPU.ActiveCfg = Release|Any CPU
		{991BF19D-5EDF-4C8B-A128-D02A855459BA}.Release|Any CPU.Build.0 = Release|Any CPU
		{AC6870AF-E480-42A4-B2C4-8F605D66F814}.Debug|Any CPU.ActiveCfg = Debug|Any CPU
		{AC6870AF-E480-42A4-B2C4-8F605D66F814}.Debug|Any CPU.Build.0 = Debug|Any CPU
		{AC6870AF-E480-42A4-B2C4-8F605D66F814}.Release|Any CPU.ActiveCfg = Debug|Any CPU
		{AC6870AF-E480-42A4-B2C4-8F605D66F814}.Release|Any CPU.Build.0 = Debug|Any CPU
	EndGlobalSection
	GlobalSection(SolutionProperties) = preSolution
		HideSolutionNode = FALSE
	EndGlobalSection
	GlobalSection(NestedProjects) = preSolution
		{CBCE306C-1D7E-4C6D-B32B-6E8DB3C4046F} = {226AF541-D716-44F6-8F54-CD15EA8192FE}
		{BD0BEAA2-27C3-4D36-A3B3-2EAE65A5F469} = {226AF541-D716-44F6-8F54-CD15EA8192FE}
		{991BF19D-5EDF-4C8B-A128-D02A855459BA} = {226AF541-D716-44F6-8F54-CD15EA8192FE}
		{AC6870AF-E480-42A4-B2C4-8F605D66F814} = {37F5D47A-4799-4149-8B7D-78831B5BE4E5}
	EndGlobalSection
EndGlobal
